
Microsoft Visual Studio Solution File, Format Version 12.00
# Visual Studio 15
VisualStudioVersion = 15.0.28307.852
MinimumVisualStudioVersion = 10.0.40219.1
Project("{FAE04EC0-301F-11D3-BF4B-00C04F79EFBC}") = "HelloMVCWorld", "HelloMVCWorld\HelloMVCWorld.csproj", "{8F49F601-BBB1-437A-B418-6067DC3C244D}"
EndProject
Global
	GlobalSection(SolutionConfigurationPlatforms) = preSolution
		Debug|Any CPU = Debug|Any CPU
		Release|Any CPU = Release|Any CPU
	EndGlobalSection
	GlobalSection(ProjectConfigurationPlatforms) = postSolution
		{8F49F601-BBB1-437A-B418-6067DC3C244D}.Debug|Any CPU.ActiveCfg = Debug|Any CPU
		{8F49F601-BBB1-437A-B418-6067DC3C244D}.Debug|Any CPU.Build.0 = Debug|Any CPU
		{8F49F601-BBB1-437A-B418-6067DC3C244D}.Release|Any CPU.ActiveCfg = Release|Any CPU
		{8F49F601-BBB1-437A-B418-6067DC3C244D}.Release|Any CPU.Build.0 = Release|Any CPU
	EndGlobalSection
	GlobalSection(SolutionProperties) = preSolution
		HideSolutionNode = FALSE
	EndGlobalSection
	GlobalSection(ExtensibilityGlobals) = postSolution
		SolutionGuid = {6EE850B4-685A-4057-8006-37A83181D8AC}
	EndGlobalSection
EndGlobal
